
Microsoft Visual Studio Solution File, Format Version 12.00
# Visual Studio Version 16
VisualStudioVersion = 16.0.29709.97
MinimumVisualStudioVersion = 10.0.40219.1
Project("{2150E333-8FDC-42A3-9474-1A3956D46DE8}") = "Web", "Web", "{ABB66446-CF10-4940-83DD-4ADB05DD654B}"
EndProject
Project("{2150E333-8FDC-42A3-9474-1A3956D46DE8}") = "Data", "Data", "{BED24073-A608-4E11-AE67-B82AADD56691}"
EndProject
Project("{9A19103F-16F7-4668-BE54-9A1E7A4F7556}") = "Judge.Data", "Judge.Data\Judge.Data.csproj", "{8D356F93-E347-46A4-93EB-1E3D581D5C59}"
EndProject
Project("{2150E333-8FDC-42A3-9474-1A3956D46DE8}") = "Model", "Model", "{948F357F-7B0E-4134-B74F-56C5FCFE04DB}"
EndProject
Project("{9A19103F-16F7-4668-BE54-9A1E7A4F7556}") = "Judge.Model", "Judge.Model\Judge.Model.csproj", "{C21CFD2F-64C7-47E8-A088-275D0340F9D8}"
EndProject
Project("{2150E333-8FDC-42A3-9474-1A3956D46DE8}") = "Runner", "Runner", "{01A29FDA-FEA1-4138-8B3C-12CF0AB4114C}"
EndProject
Project("{9A19103F-16F7-4668-BE54-9A1E7A4F7556}") = "Judge.Runner", "Judge.Runner\Judge.Runner.csproj", "{C4868306-472A-445F-945E-903DCBE8C373}"
EndProject
Project("{9A19103F-16F7-4668-BE54-9A1E7A4F7556}") = "Judge.Compiler", "Judge.Compiler\Judge.Compiler.csproj", "{E268F774-14BA-4AA7-96FC-15912E89B36F}"
EndProject
Project("{9A19103F-16F7-4668-BE54-9A1E7A4F7556}") = "Judge.Checker", "Judge.Checker\Judge.Checker.csproj", "{43482D0A-64C8-44E5-9048-D8050ADDE2C7}"
EndProject
Project("{9A19103F-16F7-4668-BE54-9A1E7A4F7556}") = "Judge.JudgeService", "Judge.JudgeService\Judge.JudgeService.csproj", "{2E820D4C-9D10-452B-A284-A1E01B311199}"
EndProject
Project("{2150E333-8FDC-42A3-9474-1A3956D46DE8}") = "Solution Items", "Solution Items", "{474706FF-D6FF-4BEF-B9A4-8DF7E22B59EC}"
	ProjectSection(SolutionItems) = preProject
		.editorconfig = .editorconfig
		..\CONTRIBUTING.md = ..\CONTRIBUTING.md
		..\README.md = ..\README.md
	EndProjectSection
EndProject
Project("{FAE04EC0-301F-11D3-BF4B-00C04F79EFBC}") = "Judge.Web.Api", "Judge.Web.Api\Judge.Web.Api.csproj", "{660858A6-6D8F-4967-ADC6-B5784F83705E}"
EndProject
Project("{FAE04EC0-301F-11D3-BF4B-00C04F79EFBC}") = "Judge.Web.Client", "Judge.Web.Client\Judge.Web.Client.csproj", "{394422FB-D621-4DC9-AC78-E55032D7B977}"
EndProject
Project("{FAE04EC0-301F-11D3-BF4B-00C04F79EFBC}") = "Judge.Services", "Judge.Services\Judge.Services.csproj", "{281959E9-E49E-4204-ADA5-C9FB81CD4898}"
EndProject
Project("{FAE04EC0-301F-11D3-BF4B-00C04F79EFBC}") = "Judge.Services.Tests", "Judge.Services.Tests\Judge.Services.Tests.csproj", "{1DBFEA5C-1E22-41F5-8794-8C20DA4530B0}"
EndProject
Project("{FAE04EC0-301F-11D3-BF4B-00C04F79EFBC}") = "Judge.JobRunner", "Judge.JobRunner\Judge.JobRunner.csproj", "{92E56A29-F1A8-46AD-AC6A-9D2D54663DBB}"
EndProject
Project("{FAE04EC0-301F-11D3-BF4B-00C04F79EFBC}") = "Judge.JobRunner.Tests", "Judge.JobRunner.Tests\Judge.JobRunner.Tests.csproj", "{AB15738F-E806-476B-BC03-DAEF1BADEEB2}"
EndProject
Project("{FAE04EC0-301F-11D3-BF4B-00C04F79EFBC}") = "Judge.Runner.Abstractions", "Judge.Runner.Abstractions\Judge.Runner.Abstractions.csproj", "{1A92CDC4-D770-49BF-A753-A8521842B275}"
EndProject
Global
	GlobalSection(SolutionConfigurationPlatforms) = preSolution
		Debug|Any CPU = Debug|Any CPU
		Release|Any CPU = Release|Any CPU
	EndGlobalSection
	GlobalSection(ProjectConfigurationPlatforms) = postSolution
		{8D356F93-E347-46A4-93EB-1E3D581D5C59}.Debug|Any CPU.ActiveCfg = Debug|Any CPU
		{8D356F93-E347-46A4-93EB-1E3D581D5C59}.Debug|Any CPU.Build.0 = Debug|Any CPU
		{8D356F93-E347-46A4-93EB-1E3D581D5C59}.Release|Any CPU.ActiveCfg = Release|Any CPU
		{8D356F93-E347-46A4-93EB-1E3D581D5C59}.Release|Any CPU.Build.0 = Release|Any CPU
		{C21CFD2F-64C7-47E8-A088-275D0340F9D8}.Debug|Any CPU.ActiveCfg = Debug|Any CPU
		{C21CFD2F-64C7-47E8-A088-275D0340F9D8}.Debug|Any CPU.Build.0 = Debug|Any CPU
		{C21CFD2F-64C7-47E8-A088-275D0340F9D8}.Release|Any CPU.ActiveCfg = Release|Any CPU
		{C21CFD2F-64C7-47E8-A088-275D0340F9D8}.Release|Any CPU.Build.0 = Release|Any CPU
		{C4868306-472A-445F-945E-903DCBE8C373}.Debug|Any CPU.ActiveCfg = Debug|Any CPU
		{C4868306-472A-445F-945E-903DCBE8C373}.Debug|Any CPU.Build.0 = Debug|Any CPU
		{C4868306-472A-445F-945E-903DCBE8C373}.Release|Any CPU.ActiveCfg = Release|Any CPU
		{C4868306-472A-445F-945E-903DCBE8C373}.Release|Any CPU.Build.0 = Release|Any CPU
		{E268F774-14BA-4AA7-96FC-15912E89B36F}.Debug|Any CPU.ActiveCfg = Debug|Any CPU
		{E268F774-14BA-4AA7-96FC-15912E89B36F}.Debug|Any CPU.Build.0 = Debug|Any CPU
		{E268F774-14BA-4AA7-96FC-15912E89B36F}.Release|Any CPU.ActiveCfg = Release|Any CPU
		{E268F774-14BA-4AA7-96FC-15912E89B36F}.Release|Any CPU.Build.0 = Release|Any CPU
		{43482D0A-64C8-44E5-9048-D8050ADDE2C7}.Debug|Any CPU.ActiveCfg = Debug|Any CPU
		{43482D0A-64C8-44E5-9048-D8050ADDE2C7}.Debug|Any CPU.Build.0 = Debug|Any CPU
		{43482D0A-64C8-44E5-9048-D8050ADDE2C7}.Release|Any CPU.ActiveCfg = Release|Any CPU
		{43482D0A-64C8-44E5-9048-D8050ADDE2C7}.Release|Any CPU.Build.0 = Release|Any CPU
		{2E820D4C-9D10-452B-A284-A1E01B311199}.Debug|Any CPU.ActiveCfg = Debug|Any CPU
		{2E820D4C-9D10-452B-A284-A1E01B311199}.Debug|Any CPU.Build.0 = Debug|Any CPU
		{2E820D4C-9D10-452B-A284-A1E01B311199}.Release|Any CPU.ActiveCfg = Release|Any CPU
		{2E820D4C-9D10-452B-A284-A1E01B311199}.Release|Any CPU.Build.0 = Release|Any CPU
		{660858A6-6D8F-4967-ADC6-B5784F83705E}.Debug|Any CPU.ActiveCfg = Debug|Any CPU
		{660858A6-6D8F-4967-ADC6-B5784F83705E}.Debug|Any CPU.Build.0 = Debug|Any CPU
		{660858A6-6D8F-4967-ADC6-B5784F83705E}.Release|Any CPU.ActiveCfg = Release|Any CPU
		{660858A6-6D8F-4967-ADC6-B5784F83705E}.Release|Any CPU.Build.0 = Release|Any CPU
		{394422FB-D621-4DC9-AC78-E55032D7B977}.Debug|Any CPU.ActiveCfg = Debug|Any CPU
		{394422FB-D621-4DC9-AC78-E55032D7B977}.Debug|Any CPU.Build.0 = Debug|Any CPU
		{394422FB-D621-4DC9-AC78-E55032D7B977}.Release|Any CPU.ActiveCfg = Release|Any CPU
		{394422FB-D621-4DC9-AC78-E55032D7B977}.Release|Any CPU.Build.0 = Release|Any CPU
		{281959E9-E49E-4204-ADA5-C9FB81CD4898}.Debug|Any CPU.ActiveCfg = Debug|Any CPU
		{281959E9-E49E-4204-ADA5-C9FB81CD4898}.Debug|Any CPU.Build.0 = Debug|Any CPU
		{281959E9-E49E-4204-ADA5-C9FB81CD4898}.Release|Any CPU.ActiveCfg = Release|Any CPU
		{281959E9-E49E-4204-ADA5-C9FB81CD4898}.Release|Any CPU.Build.0 = Release|Any CPU
		{1DBFEA5C-1E22-41F5-8794-8C20DA4530B0}.Debug|Any CPU.ActiveCfg = Debug|Any CPU
		{1DBFEA5C-1E22-41F5-8794-8C20DA4530B0}.Debug|Any CPU.Build.0 = Debug|Any CPU
		{1DBFEA5C-1E22-41F5-8794-8C20DA4530B0}.Release|Any CPU.ActiveCfg = Release|Any CPU
		{1DBFEA5C-1E22-41F5-8794-8C20DA4530B0}.Release|Any CPU.Build.0 = Release|Any CPU
		{92E56A29-F1A8-46AD-AC6A-9D2D54663DBB}.Debug|Any CPU.ActiveCfg = Debug|Any CPU
		{92E56A29-F1A8-46AD-AC6A-9D2D54663DBB}.Debug|Any CPU.Build.0 = Debug|Any CPU
		{92E56A29-F1A8-46AD-AC6A-9D2D54663DBB}.Release|Any CPU.ActiveCfg = Release|Any CPU
		{92E56A29-F1A8-46AD-AC6A-9D2D54663DBB}.Release|Any CPU.Build.0 = Release|Any CPU
		{AB15738F-E806-476B-BC03-DAEF1BADEEB2}.Debug|Any CPU.ActiveCfg = Debug|Any CPU
		{AB15738F-E806-476B-BC03-DAEF1BADEEB2}.Debug|Any CPU.Build.0 = Debug|Any CPU
		{AB15738F-E806-476B-BC03-DAEF1BADEEB2}.Release|Any CPU.ActiveCfg = Release|Any CPU
		{AB15738F-E806-476B-BC03-DAEF1BADEEB2}.Release|Any CPU.Build.0 = Release|Any CPU
		{1A92CDC4-D770-49BF-A753-A8521842B275}.Debug|Any CPU.ActiveCfg = Debug|Any CPU
		{1A92CDC4-D770-49BF-A753-A8521842B275}.Debug|Any CPU.Build.0 = Debug|Any CPU
		{1A92CDC4-D770-49BF-A753-A8521842B275}.Release|Any CPU.ActiveCfg = Release|Any CPU
		{1A92CDC4-D770-49BF-A753-A8521842B275}.Release|Any CPU.Build.0 = Release|Any CPU
	EndGlobalSection
	GlobalSection(SolutionProperties) = preSolution
		HideSolutionNode = FALSE
	EndGlobalSection
	GlobalSection(NestedProjects) = preSolution
		{8D356F93-E347-46A4-93EB-1E3D581D5C59} = {BED24073-A608-4E11-AE67-B82AADD56691}
		{C21CFD2F-64C7-47E8-A088-275D0340F9D8} = {948F357F-7B0E-4134-B74F-56C5FCFE04DB}
		{C4868306-472A-445F-945E-903DCBE8C373} = {01A29FDA-FEA1-4138-8B3C-12CF0AB4114C}
		{E268F774-14BA-4AA7-96FC-15912E89B36F} = {01A29FDA-FEA1-4138-8B3C-12CF0AB4114C}
		{43482D0A-64C8-44E5-9048-D8050ADDE2C7} = {01A29FDA-FEA1-4138-8B3C-12CF0AB4114C}
		{2E820D4C-9D10-452B-A284-A1E01B311199} = {01A29FDA-FEA1-4138-8B3C-12CF0AB4114C}
		{660858A6-6D8F-4967-ADC6-B5784F83705E} = {ABB66446-CF10-4940-83DD-4ADB05DD654B}
		{394422FB-D621-4DC9-AC78-E55032D7B977} = {ABB66446-CF10-4940-83DD-4ADB05DD654B}
		{281959E9-E49E-4204-ADA5-C9FB81CD4898} = {948F357F-7B0E-4134-B74F-56C5FCFE04DB}
		{1DBFEA5C-1E22-41F5-8794-8C20DA4530B0} = {948F357F-7B0E-4134-B74F-56C5FCFE04DB}
		{92E56A29-F1A8-46AD-AC6A-9D2D54663DBB} = {01A29FDA-FEA1-4138-8B3C-12CF0AB4114C}
		{AB15738F-E806-476B-BC03-DAEF1BADEEB2} = {01A29FDA-FEA1-4138-8B3C-12CF0AB4114C}
		{1A92CDC4-D770-49BF-A753-A8521842B275} = {01A29FDA-FEA1-4138-8B3C-12CF0AB4114C}
	EndGlobalSection
	GlobalSection(ExtensibilityGlobals) = postSolution
		SolutionGuid = {F196467E-334C-44B2-9868-52EB32D2B811}
	EndGlobalSection
EndGlobal
