
Microsoft Visual Studio Solution File, Format Version 12.00
# Visual Studio 14
VisualStudioVersion = 14.0.23107.0
MinimumVisualStudioVersion = 10.0.40219.1
Project("{FAE04EC0-301F-11D3-BF4B-00C04F79EFBC}") = "Judge.Web", "Judge.Web\Judge.Web.csproj", "{86F9F1BF-3FF5-402B-BA29-A67C63EE113F}"
EndProject
Project("{2150E333-8FDC-42A3-9474-1A3956D46DE8}") = "Web", "Web", "{ABB66446-CF10-4940-83DD-4ADB05DD654B}"
EndProject
Project("{FAE04EC0-301F-11D3-BF4B-00C04F79EFBC}") = "Judge.Application", "Judge.Application\Judge.Application.csproj", "{8BF0D341-6664-43CA-A31E-7EDF6334E449}"
EndProject
Global
	GlobalSection(SolutionConfigurationPlatforms) = preSolution
		Debug|Any CPU = Debug|Any CPU
		Release|Any CPU = Release|Any CPU
	EndGlobalSection
	GlobalSection(ProjectConfigurationPlatforms) = postSolution
		{86F9F1BF-3FF5-402B-BA29-A67C63EE113F}.Debug|Any CPU.ActiveCfg = Debug|Any CPU
		{86F9F1BF-3FF5-402B-BA29-A67C63EE113F}.Debug|Any CPU.Build.0 = Debug|Any CPU
		{86F9F1BF-3FF5-402B-BA29-A67C63EE113F}.Release|Any CPU.ActiveCfg = Release|Any CPU
		{86F9F1BF-3FF5-402B-BA29-A67C63EE113F}.Release|Any CPU.Build.0 = Release|Any CPU
		{8BF0D341-6664-43CA-A31E-7EDF6334E449}.Debug|Any CPU.ActiveCfg = Debug|Any CPU
		{8BF0D341-6664-43CA-A31E-7EDF6334E449}.Debug|Any CPU.Build.0 = Debug|Any CPU
		{8BF0D341-6664-43CA-A31E-7EDF6334E449}.Release|Any CPU.ActiveCfg = Release|Any CPU
		{8BF0D341-6664-43CA-A31E-7EDF6334E449}.Release|Any CPU.Build.0 = Release|Any CPU
	EndGlobalSection
	GlobalSection(SolutionProperties) = preSolution
		HideSolutionNode = FALSE
	EndGlobalSection
	GlobalSection(NestedProjects) = preSolution
		{86F9F1BF-3FF5-402B-BA29-A67C63EE113F} = {ABB66446-CF10-4940-83DD-4ADB05DD654B}
		{8BF0D341-6664-43CA-A31E-7EDF6334E449} = {ABB66446-CF10-4940-83DD-4ADB05DD654B}
	EndGlobalSection
EndGlobal
